
Microsoft Visual Studio Solution File, Format Version 12.00
# Visual Studio Version 17
VisualStudioVersion = 17.5.002.0
MinimumVisualStudioVersion = 10.0.40219.1
Project("{9A19103F-16F7-4668-BE54-9A1E7A4F7556}") = "Space.BusinessLayer", "Space.BusinessLayer\Space.BusinessLayer.csproj", "{0CB99BD6-99E9-4ADB-A059-BCAB553D4138}"
EndProject
Project("{9A19103F-16F7-4668-BE54-9A1E7A4F7556}") = "Space.DataLayer", "Space.DataLayer\Space.DataLayer.csproj", "{827C7FC7-8182-4898-814E-0B94FAD5A644}"
EndProject
Project("{9A19103F-16F7-4668-BE54-9A1E7A4F7556}") = "Space.EntityLayer", "Space.EntityLayer\Space.EntityLayer.csproj", "{B23ADDA7-0405-45FE-8BF4-9185DA8C3429}"
EndProject
Project("{9A19103F-16F7-4668-BE54-9A1E7A4F7556}") = "Space.Server", "Space.Server\Space.Server.csproj", "{D0637C31-B0C2-4F13-980A-93C3947A0E88}"
EndProject
Project("{9A19103F-16F7-4668-BE54-9A1E7A4F7556}") = "Framework", "Framework\Framework.csproj", "{B83A38D5-8B36-4DFE-9EA8-E05CF45CA8BA}"
EndProject
Project("{9A19103F-16F7-4668-BE54-9A1E7A4F7556}") = "Framework.Data", "Framework.Data\Framework.Data.csproj", "{BA5A18DB-EDB0-43DA-BD9E-EB1FA64246D8}"
EndProject
Project("{9A19103F-16F7-4668-BE54-9A1E7A4F7556}") = "Framework.Data.Sql", "Framework.Data.Sql\Framework.Data.Sql.csproj", "{D5D845CE-171D-4447-A2B7-929C768D45F6}"
EndProject
Project("{9A19103F-16F7-4668-BE54-9A1E7A4F7556}") = "Space.Common", "Space.Common\Space.Common.csproj", "{5B0ABB80-3117-400E-92AB-7DF34416CC33}"
EndProject
Global
	GlobalSection(SolutionConfigurationPlatforms) = preSolution
		Debug|Any CPU = Debug|Any CPU
		Debug|ARM = Debug|ARM
		Debug|ARM64 = Debug|ARM64
		Debug|x64 = Debug|x64
		Debug|x86 = Debug|x86
		Release|Any CPU = Release|Any CPU
		Release|ARM = Release|ARM
		Release|ARM64 = Release|ARM64
		Release|x64 = Release|x64
		Release|x86 = Release|x86
	EndGlobalSection
	GlobalSection(ProjectConfigurationPlatforms) = postSolution
		{0CB99BD6-99E9-4ADB-A059-BCAB553D4138}.Debug|Any CPU.ActiveCfg = Debug|Any CPU
		{0CB99BD6-99E9-4ADB-A059-BCAB553D4138}.Debug|Any CPU.Build.0 = Debug|Any CPU
		{0CB99BD6-99E9-4ADB-A059-BCAB553D4138}.Debug|ARM.ActiveCfg = Debug|Any CPU
		{0CB99BD6-99E9-4ADB-A059-BCAB553D4138}.Debug|ARM.Build.0 = Debug|Any CPU
		{0CB99BD6-99E9-4ADB-A059-BCAB553D4138}.Debug|ARM64.ActiveCfg = Debug|Any CPU
		{0CB99BD6-99E9-4ADB-A059-BCAB553D4138}.Debug|ARM64.Build.0 = Debug|Any CPU
		{0CB99BD6-99E9-4ADB-A059-BCAB553D4138}.Debug|x64.ActiveCfg = Debug|Any CPU
		{0CB99BD6-99E9-4ADB-A059-BCAB553D4138}.Debug|x64.Build.0 = Debug|Any CPU
		{0CB99BD6-99E9-4ADB-A059-BCAB553D4138}.Debug|x86.ActiveCfg = Debug|Any CPU
		{0CB99BD6-99E9-4ADB-A059-BCAB553D4138}.Debug|x86.Build.0 = Debug|Any CPU
		{0CB99BD6-99E9-4ADB-A059-BCAB553D4138}.Release|Any CPU.ActiveCfg = Release|Any CPU
		{0CB99BD6-99E9-4ADB-A059-BCAB553D4138}.Release|Any CPU.Build.0 = Release|Any CPU
		{0CB99BD6-99E9-4ADB-A059-BCAB553D4138}.Release|ARM.ActiveCfg = Release|Any CPU
		{0CB99BD6-99E9-4ADB-A059-BCAB553D4138}.Release|ARM.Build.0 = Release|Any CPU
		{0CB99BD6-99E9-4ADB-A059-BCAB553D4138}.Release|ARM64.ActiveCfg = Release|Any CPU
		{0CB99BD6-99E9-4ADB-A059-BCAB553D4138}.Release|ARM64.Build.0 = Release|Any CPU
		{0CB99BD6-99E9-4ADB-A059-BCAB553D4138}.Release|x64.ActiveCfg = Release|Any CPU
		{0CB99BD6-99E9-4ADB-A059-BCAB553D4138}.Release|x64.Build.0 = Release|Any CPU
		{0CB99BD6-99E9-4ADB-A059-BCAB553D4138}.Release|x86.ActiveCfg = Release|Any CPU
		{0CB99BD6-99E9-4ADB-A059-BCAB553D4138}.Release|x86.Build.0 = Release|Any CPU
		{827C7FC7-8182-4898-814E-0B94FAD5A644}.Debug|Any CPU.ActiveCfg = Debug|Any CPU
		{827C7FC7-8182-4898-814E-0B94FAD5A644}.Debug|Any CPU.Build.0 = Debug|Any CPU
		{827C7FC7-8182-4898-814E-0B94FAD5A644}.Debug|ARM.ActiveCfg = Debug|Any CPU
		{827C7FC7-8182-4898-814E-0B94FAD5A644}.Debug|ARM.Build.0 = Debug|Any CPU
		{827C7FC7-8182-4898-814E-0B94FAD5A644}.Debug|ARM64.ActiveCfg = Debug|Any CPU
		{827C7FC7-8182-4898-814E-0B94FAD5A644}.Debug|ARM64.Build.0 = Debug|Any CPU
		{827C7FC7-8182-4898-814E-0B94FAD5A644}.Debug|x64.ActiveCfg = Debug|Any CPU
		{827C7FC7-8182-4898-814E-0B94FAD5A644}.Debug|x64.Build.0 = Debug|Any CPU
		{827C7FC7-8182-4898-814E-0B94FAD5A644}.Debug|x86.ActiveCfg = Debug|Any CPU
		{827C7FC7-8182-4898-814E-0B94FAD5A644}.Debug|x86.Build.0 = Debug|Any CPU
		{827C7FC7-8182-4898-814E-0B94FAD5A644}.Release|Any CPU.ActiveCfg = Release|Any CPU
		{827C7FC7-8182-4898-814E-0B94FAD5A644}.Release|Any CPU.Build.0 = Release|Any CPU
		{827C7FC7-8182-4898-814E-0B94FAD5A644}.Release|ARM.ActiveCfg = Release|Any CPU
		{827C7FC7-8182-4898-814E-0B94FAD5A644}.Release|ARM.Build.0 = Release|Any CPU
		{827C7FC7-8182-4898-814E-0B94FAD5A644}.Release|ARM64.ActiveCfg = Release|Any CPU
		{827C7FC7-8182-4898-814E-0B94FAD5A644}.Release|ARM64.Build.0 = Release|Any CPU
		{827C7FC7-8182-4898-814E-0B94FAD5A644}.Release|x64.ActiveCfg = Release|Any CPU
		{827C7FC7-8182-4898-814E-0B94FAD5A644}.Release|x64.Build.0 = Release|Any CPU
		{827C7FC7-8182-4898-814E-0B94FAD5A644}.Release|x86.ActiveCfg = Release|Any CPU
		{827C7FC7-8182-4898-814E-0B94FAD5A644}.Release|x86.Build.0 = Release|Any CPU
		{B23ADDA7-0405-45FE-8BF4-9185DA8C3429}.Debug|Any CPU.ActiveCfg = Debug|Any CPU
		{B23ADDA7-0405-45FE-8BF4-9185DA8C3429}.Debug|Any CPU.Build.0 = Debug|Any CPU
		{B23ADDA7-0405-45FE-8BF4-9185DA8C3429}.Debug|ARM.ActiveCfg = Debug|Any CPU
		{B23ADDA7-0405-45FE-8BF4-9185DA8C3429}.Debug|ARM.Build.0 = Debug|Any CPU
		{B23ADDA7-0405-45FE-8BF4-9185DA8C3429}.Debug|ARM64.ActiveCfg = Debug|Any CPU
		{B23ADDA7-0405-45FE-8BF4-9185DA8C3429}.Debug|ARM64.Build.0 = Debug|Any CPU
		{B23ADDA7-0405-45FE-8BF4-9185DA8C3429}.Debug|x64.ActiveCfg = Debug|Any CPU
		{B23ADDA7-0405-45FE-8BF4-9185DA8C3429}.Debug|x64.Build.0 = Debug|Any CPU
		{B23ADDA7-0405-45FE-8BF4-9185DA8C3429}.Debug|x86.ActiveCfg = Debug|Any CPU
		{B23ADDA7-0405-45FE-8BF4-9185DA8C3429}.Debug|x86.Build.0 = Debug|Any CPU
		{B23ADDA7-0405-45FE-8BF4-9185DA8C3429}.Release|Any CPU.ActiveCfg = Release|Any CPU
		{B23ADDA7-0405-45FE-8BF4-9185DA8C3429}.Release|Any CPU.Build.0 = Release|Any CPU
		{B23ADDA7-0405-45FE-8BF4-9185DA8C3429}.Release|ARM.ActiveCfg = Release|Any CPU
		{B23ADDA7-0405-45FE-8BF4-9185DA8C3429}.Release|ARM.Build.0 = Release|Any CPU
		{B23ADDA7-0405-45FE-8BF4-9185DA8C3429}.Release|ARM64.ActiveCfg = Release|Any CPU
		{B23ADDA7-0405-45FE-8BF4-9185DA8C3429}.Release|ARM64.Build.0 = Release|Any CPU
		{B23ADDA7-0405-45FE-8BF4-9185DA8C3429}.Release|x64.ActiveCfg = Release|Any CPU
		{B23ADDA7-0405-45FE-8BF4-9185DA8C3429}.Release|x64.Build.0 = Release|Any CPU
		{B23ADDA7-0405-45FE-8BF4-9185DA8C3429}.Release|x86.ActiveCfg = Release|Any CPU
		{B23ADDA7-0405-45FE-8BF4-9185DA8C3429}.Release|x86.Build.0 = Release|Any CPU
		{D0637C31-B0C2-4F13-980A-93C3947A0E88}.Debug|Any CPU.ActiveCfg = Debug|Any CPU
		{D0637C31-B0C2-4F13-980A-93C3947A0E88}.Debug|Any CPU.Build.0 = Debug|Any CPU
		{D0637C31-B0C2-4F13-980A-93C3947A0E88}.Debug|ARM.ActiveCfg = Debug|Any CPU
		{D0637C31-B0C2-4F13-980A-93C3947A0E88}.Debug|ARM.Build.0 = Debug|Any CPU
		{D0637C31-B0C2-4F13-980A-93C3947A0E88}.Debug|ARM64.ActiveCfg = Debug|Any CPU
		{D0637C31-B0C2-4F13-980A-93C3947A0E88}.Debug|ARM64.Build.0 = Debug|Any CPU
		{D0637C31-B0C2-4F13-980A-93C3947A0E88}.Debug|x64.ActiveCfg = Debug|Any CPU
		{D0637C31-B0C2-4F13-980A-93C3947A0E88}.Debug|x64.Build.0 = Debug|Any CPU
		{D0637C31-B0C2-4F13-980A-93C3947A0E88}.Debug|x86.ActiveCfg = Debug|Any CPU
		{D0637C31-B0C2-4F13-980A-93C3947A0E88}.Debug|x86.Build.0 = Debug|Any CPU
		{D0637C31-B0C2-4F13-980A-93C3947A0E88}.Release|Any CPU.ActiveCfg = Release|Any CPU
		{D0637C31-B0C2-4F13-980A-93C3947A0E88}.Release|Any CPU.Build.0 = Release|Any CPU
		{D0637C31-B0C2-4F13-980A-93C3947A0E88}.Release|ARM.ActiveCfg = Release|Any CPU
		{D0637C31-B0C2-4F13-980A-93C3947A0E88}.Release|ARM.Build.0 = Release|Any CPU
		{D0637C31-B0C2-4F13-980A-93C3947A0E88}.Release|ARM64.ActiveCfg = Release|Any CPU
		{D0637C31-B0C2-4F13-980A-93C3947A0E88}.Release|ARM64.Build.0 = Release|Any CPU
		{D0637C31-B0C2-4F13-980A-93C3947A0E88}.Release|x64.ActiveCfg = Release|Any CPU
		{D0637C31-B0C2-4F13-980A-93C3947A0E88}.Release|x64.Build.0 = Release|Any CPU
		{D0637C31-B0C2-4F13-980A-93C3947A0E88}.Release|x86.ActiveCfg = Release|Any CPU
		{D0637C31-B0C2-4F13-980A-93C3947A0E88}.Release|x86.Build.0 = Release|Any CPU
		{B83A38D5-8B36-4DFE-9EA8-E05CF45CA8BA}.Debug|Any CPU.ActiveCfg = Debug|Any CPU
		{B83A38D5-8B36-4DFE-9EA8-E05CF45CA8BA}.Debug|Any CPU.Build.0 = Debug|Any CPU
		{B83A38D5-8B36-4DFE-9EA8-E05CF45CA8BA}.Debug|ARM.ActiveCfg = Debug|Any CPU
		{B83A38D5-8B36-4DFE-9EA8-E05CF45CA8BA}.Debug|ARM.Build.0 = Debug|Any CPU
		{B83A38D5-8B36-4DFE-9EA8-E05CF45CA8BA}.Debug|ARM64.ActiveCfg = Debug|Any CPU
		{B83A38D5-8B36-4DFE-9EA8-E05CF45CA8BA}.Debug|ARM64.Build.0 = Debug|Any CPU
		{B83A38D5-8B36-4DFE-9EA8-E05CF45CA8BA}.Debug|x64.ActiveCfg = Debug|Any CPU
		{B83A38D5-8B36-4DFE-9EA8-E05CF45CA8BA}.Debug|x64.Build.0 = Debug|Any CPU
		{B83A38D5-8B36-4DFE-9EA8-E05CF45CA8BA}.Debug|x86.ActiveCfg = Debug|Any CPU
		{B83A38D5-8B36-4DFE-9EA8-E05CF45CA8BA}.Debug|x86.Build.0 = Debug|Any CPU
		{B83A38D5-8B36-4DFE-9EA8-E05CF45CA8BA}.Release|Any CPU.ActiveCfg = Release|Any CPU
		{B83A38D5-8B36-4DFE-9EA8-E05CF45CA8BA}.Release|Any CPU.Build.0 = Release|Any CPU
		{B83A38D5-8B36-4DFE-9EA8-E05CF45CA8BA}.Release|ARM.ActiveCfg = Release|Any CPU
		{B83A38D5-8B36-4DFE-9EA8-E05CF45CA8BA}.Release|ARM.Build.0 = Release|Any CPU
		{B83A38D5-8B36-4DFE-9EA8-E05CF45CA8BA}.Release|ARM64.ActiveCfg = Release|Any CPU
		{B83A38D5-8B36-4DFE-9EA8-E05CF45CA8BA}.Release|ARM64.Build.0 = Release|Any CPU
		{B83A38D5-8B36-4DFE-9EA8-E05CF45CA8BA}.Release|x64.ActiveCfg = Release|Any CPU
		{B83A38D5-8B36-4DFE-9EA8-E05CF45CA8BA}.Release|x64.Build.0 = Release|Any CPU
		{B83A38D5-8B36-4DFE-9EA8-E05CF45CA8BA}.Release|x86.ActiveCfg = Release|Any CPU
		{B83A38D5-8B36-4DFE-9EA8-E05CF45CA8BA}.Release|x86.Build.0 = Release|Any CPU
		{BA5A18DB-EDB0-43DA-BD9E-EB1FA64246D8}.Debug|Any CPU.ActiveCfg = Debug|Any CPU
		{BA5A18DB-EDB0-43DA-BD9E-EB1FA64246D8}.Debug|Any CPU.Build.0 = Debug|Any CPU
		{BA5A18DB-EDB0-43DA-BD9E-EB1FA64246D8}.Debug|ARM.ActiveCfg = Debug|Any CPU
		{BA5A18DB-EDB0-43DA-BD9E-EB1FA64246D8}.Debug|ARM.Build.0 = Debug|Any CPU
		{BA5A18DB-EDB0-43DA-BD9E-EB1FA64246D8}.Debug|ARM64.ActiveCfg = Debug|Any CPU
		{BA5A18DB-EDB0-43DA-BD9E-EB1FA64246D8}.Debug|ARM64.Build.0 = Debug|Any CPU
		{BA5A18DB-EDB0-43DA-BD9E-EB1FA64246D8}.Debug|x64.ActiveCfg = Debug|Any CPU
		{BA5A18DB-EDB0-43DA-BD9E-EB1FA64246D8}.Debug|x64.Build.0 = Debug|Any CPU
		{BA5A18DB-EDB0-43DA-BD9E-EB1FA64246D8}.Debug|x86.ActiveCfg = Debug|Any CPU
		{BA5A18DB-EDB0-43DA-BD9E-EB1FA64246D8}.Debug|x86.Build.0 = Debug|Any CPU
		{BA5A18DB-EDB0-43DA-BD9E-EB1FA64246D8}.Release|Any CPU.ActiveCfg = Release|Any CPU
		{BA5A18DB-EDB0-43DA-BD9E-EB1FA64246D8}.Release|Any CPU.Build.0 = Release|Any CPU
		{BA5A18DB-EDB0-43DA-BD9E-EB1FA64246D8}.Release|ARM.ActiveCfg = Release|Any CPU
		{BA5A18DB-EDB0-43DA-BD9E-EB1FA64246D8}.Release|ARM.Build.0 = Release|Any CPU
		{BA5A18DB-EDB0-43DA-BD9E-EB1FA64246D8}.Release|ARM64.ActiveCfg = Release|Any CPU
		{BA5A18DB-EDB0-43DA-BD9E-EB1FA64246D8}.Release|ARM64.Build.0 = Release|Any CPU
		{BA5A18DB-EDB0-43DA-BD9E-EB1FA64246D8}.Release|x64.ActiveCfg = Release|Any CPU
		{BA5A18DB-EDB0-43DA-BD9E-EB1FA64246D8}.Release|x64.Build.0 = Release|Any CPU
		{BA5A18DB-EDB0-43DA-BD9E-EB1FA64246D8}.Release|x86.ActiveCfg = Release|Any CPU
		{BA5A18DB-EDB0-43DA-BD9E-EB1FA64246D8}.Release|x86.Build.0 = Release|Any CPU
		{D5D845CE-171D-4447-A2B7-929C768D45F6}.Debug|Any CPU.ActiveCfg = Debug|Any CPU
		{D5D845CE-171D-4447-A2B7-929C768D45F6}.Debug|Any CPU.Build.0 = Debug|Any CPU
		{D5D845CE-171D-4447-A2B7-929C768D45F6}.Debug|ARM.ActiveCfg = Debug|Any CPU
		{D5D845CE-171D-4447-A2B7-929C768D45F6}.Debug|ARM.Build.0 = Debug|Any CPU
		{D5D845CE-171D-4447-A2B7-929C768D45F6}.Debug|ARM64.ActiveCfg = Debug|Any CPU
		{D5D845CE-171D-4447-A2B7-929C768D45F6}.Debug|ARM64.Build.0 = Debug|Any CPU
		{D5D845CE-171D-4447-A2B7-929C768D45F6}.Debug|x64.ActiveCfg = Debug|Any CPU
		{D5D845CE-171D-4447-A2B7-929C768D45F6}.Debug|x64.Build.0 = Debug|Any CPU
		{D5D845CE-171D-4447-A2B7-929C768D45F6}.Debug|x86.ActiveCfg = Debug|Any CPU
		{D5D845CE-171D-4447-A2B7-929C768D45F6}.Debug|x86.Build.0 = Debug|Any CPU
		{D5D845CE-171D-4447-A2B7-929C768D45F6}.Release|Any CPU.ActiveCfg = Release|Any CPU
		{D5D845CE-171D-4447-A2B7-929C768D45F6}.Release|Any CPU.Build.0 = Release|Any CPU
		{D5D845CE-171D-4447-A2B7-929C768D45F6}.Release|ARM.ActiveCfg = Release|Any CPU
		{D5D845CE-171D-4447-A2B7-929C768D45F6}.Release|ARM.Build.0 = Release|Any CPU
		{D5D845CE-171D-4447-A2B7-929C768D45F6}.Release|ARM64.ActiveCfg = Release|Any CPU
		{D5D845CE-171D-4447-A2B7-929C768D45F6}.Release|ARM64.Build.0 = Release|Any CPU
		{D5D845CE-171D-4447-A2B7-929C768D45F6}.Release|x64.ActiveCfg = Release|Any CPU
		{D5D845CE-171D-4447-A2B7-929C768D45F6}.Release|x64.Build.0 = Release|Any CPU
		{D5D845CE-171D-4447-A2B7-929C768D45F6}.Release|x86.ActiveCfg = Release|Any CPU
		{D5D845CE-171D-4447-A2B7-929C768D45F6}.Release|x86.Build.0 = Release|Any CPU
		{5B0ABB80-3117-400E-92AB-7DF34416CC33}.Debug|Any CPU.ActiveCfg = Debug|Any CPU
		{5B0ABB80-3117-400E-92AB-7DF34416CC33}.Debug|Any CPU.Build.0 = Debug|Any CPU
		{5B0ABB80-3117-400E-92AB-7DF34416CC33}.Debug|ARM.ActiveCfg = Debug|Any CPU
		{5B0ABB80-3117-400E-92AB-7DF34416CC33}.Debug|ARM.Build.0 = Debug|Any CPU
		{5B0ABB80-3117-400E-92AB-7DF34416CC33}.Debug|ARM64.ActiveCfg = Debug|Any CPU
		{5B0ABB80-3117-400E-92AB-7DF34416CC33}.Debug|ARM64.Build.0 = Debug|Any CPU
		{5B0ABB80-3117-400E-92AB-7DF34416CC33}.Debug|x64.ActiveCfg = Debug|Any CPU
		{5B0ABB80-3117-400E-92AB-7DF34416CC33}.Debug|x64.Build.0 = Debug|Any CPU
		{5B0ABB80-3117-400E-92AB-7DF34416CC33}.Debug|x86.ActiveCfg = Debug|Any CPU
		{5B0ABB80-3117-400E-92AB-7DF34416CC33}.Debug|x86.Build.0 = Debug|Any CPU
		{5B0ABB80-3117-400E-92AB-7DF34416CC33}.Release|Any CPU.ActiveCfg = Release|Any CPU
		{5B0ABB80-3117-400E-92AB-7DF34416CC33}.Release|Any CPU.Build.0 = Release|Any CPU
		{5B0ABB80-3117-400E-92AB-7DF34416CC33}.Release|ARM.ActiveCfg = Release|Any CPU
		{5B0ABB80-3117-400E-92AB-7DF34416CC33}.Release|ARM.Build.0 = Release|Any CPU
		{5B0ABB80-3117-400E-92AB-7DF34416CC33}.Release|ARM64.ActiveCfg = Release|Any CPU
		{5B0ABB80-3117-400E-92AB-7DF34416CC33}.Release|ARM64.Build.0 = Release|Any CPU
		{5B0ABB80-3117-400E-92AB-7DF34416CC33}.Release|x64.ActiveCfg = Release|Any CPU
		{5B0ABB80-3117-400E-92AB-7DF34416CC33}.Release|x64.Build.0 = Release|Any CPU
		{5B0ABB80-3117-400E-92AB-7DF34416CC33}.Release|x86.ActiveCfg = Release|Any CPU
		{5B0ABB80-3117-400E-92AB-7DF34416CC33}.Release|x86.Build.0 = Release|Any CPU
	EndGlobalSection
	GlobalSection(SolutionProperties) = preSolution
		HideSolutionNode = FALSE
	EndGlobalSection
	GlobalSection(ExtensibilityGlobals) = postSolution
		SolutionGuid = {1E15EC3E-9BCB-40AD-B173-51329F48B416}
	EndGlobalSection
	GlobalSection(TeamFoundationVersionControl) = preSolution
		SccNumberOfProjects = 9
		SccEnterpriseProvider = {4CA58AB2-18FA-4F8D-95D4-32DDF27D184C}
		SccTeamFoundationServer = https://dev.azure.com/proyectodev0803
		SccLocalPath0 = .
		SccProjectUniqueName1 = Space.BusinessLayer\\Space.BusinessLayer.csproj
		SccProjectName1 = Space.BusinessLayer
		SccLocalPath1 = Space.BusinessLayer
		SccProjectUniqueName2 = Space.DataLayer\\Space.DataLayer.csproj
		SccProjectName2 = Space.DataLayer
		SccLocalPath2 = Space.DataLayer
		SccProjectUniqueName3 = Space.EntityLayer\\Space.EntityLayer.csproj
		SccProjectName3 = Space.EntityLayer
		SccLocalPath3 = Space.EntityLayer
		SccProjectUniqueName4 = Space.Server\\Space.Server.csproj
		SccProjectName4 = Space.Server
		SccLocalPath4 = Space.Server
		SccProjectUniqueName5 = Framework\\Framework.csproj
		SccProjectName5 = Framework
		SccLocalPath5 = Framework
		SccProjectUniqueName6 = Framework.Data\\Framework.Data.csproj
		SccProjectName6 = Framework.Data
		SccLocalPath6 = Framework.Data
		SccProjectUniqueName7 = Space.Common\\Space.Common.csproj
		SccProjectName7 = Space.Common
		SccLocalPath7 = Space.Common
		SccProjectUniqueName8 = Framework.Data.Sql\\Framework.Data.Sql.csproj
		SccProjectName8 = Framework.Data.Sql
		SccLocalPath8 = Framework.Data.Sql
	EndGlobalSection
EndGlobal
