
Microsoft Visual Studio Solution File, Format Version 12.00
# Visual Studio Version 17
VisualStudioVersion = 17.5.002.0
MinimumVisualStudioVersion = 10.0.40219.1
Project("{9A19103F-16F7-4668-BE54-9A1E7A4F7556}") = "Space.BusinessLayer", "Space.BusinessLayer\Space.BusinessLayer.csproj", "{0CB99BD6-99E9-4ADB-A059-BCAB553D4138}"
EndProject
Project("{9A19103F-16F7-4668-BE54-9A1E7A4F7556}") = "Space.DataLayer", "Space.DataLayer\Space.DataLayer.csproj", "{827C7FC7-8182-4898-814E-0B94FAD5A644}"
EndProject
Project("{9A19103F-16F7-4668-BE54-9A1E7A4F7556}") = "Space.EntityLayer", "Space.EntityLayer\Space.EntityLayer.csproj", "{B23ADDA7-0405-45FE-8BF4-9185DA8C3429}"
EndProject
Project("{9A19103F-16F7-4668-BE54-9A1E7A4F7556}") = "Space.Server", "Space.Server\Space.Server.csproj", "{D0637C31-B0C2-4F13-980A-93C3947A0E88}"
EndProject
Project("{9A19103F-16F7-4668-BE54-9A1E7A4F7556}") = "Space.Common", "Space.Common\Space.Common.csproj", "{5B0ABB80-3117-400E-92AB-7DF34416CC33}"
EndProject
Project("{2150E333-8FDC-42A3-9474-1A3956D46DE8}") = "FrameworkDR", "FrameworkDR", "{7C1AFCE1-986F-4C6C-AAEB-2D3CE6C56D7F}"
EndProject
Project("{9A19103F-16F7-4668-BE54-9A1E7A4F7556}") = "Framework", "Framework\Framework.csproj", "{D9278E2A-DB27-4167-9E5B-20209EBC2376}"
EndProject
Project("{9A19103F-16F7-4668-BE54-9A1E7A4F7556}") = "Framework.Data", "Framework.Data\Framework.Data.csproj", "{0737329A-90D8-4B24-8A87-5517F37D33CD}"
EndProject
Project("{9A19103F-16F7-4668-BE54-9A1E7A4F7556}") = "Framework.Data.Sql", "Framework.Data.Sql\Framework.Data.Sql.csproj", "{A8C6E324-166F-47E3-932B-9D9C31B3895E}"
EndProject
Global
	GlobalSection(SolutionConfigurationPlatforms) = preSolution
		Debug|Any CPU = Debug|Any CPU
		Debug|ARM = Debug|ARM
		Debug|ARM64 = Debug|ARM64
		Debug|x64 = Debug|x64
		Debug|x86 = Debug|x86
		Release|Any CPU = Release|Any CPU
		Release|ARM = Release|ARM
		Release|ARM64 = Release|ARM64
		Release|x64 = Release|x64
		Release|x86 = Release|x86
	EndGlobalSection
	GlobalSection(ProjectConfigurationPlatforms) = postSolution
		{0CB99BD6-99E9-4ADB-A059-BCAB553D4138}.Debug|Any CPU.ActiveCfg = Debug|Any CPU
		{0CB99BD6-99E9-4ADB-A059-BCAB553D4138}.Debug|Any CPU.Build.0 = Debug|Any CPU
		{0CB99BD6-99E9-4ADB-A059-BCAB553D4138}.Debug|ARM.ActiveCfg = Debug|Any CPU
		{0CB99BD6-99E9-4ADB-A059-BCAB553D4138}.Debug|ARM.Build.0 = Debug|Any CPU
		{0CB99BD6-99E9-4ADB-A059-BCAB553D4138}.Debug|ARM64.ActiveCfg = Debug|Any CPU
		{0CB99BD6-99E9-4ADB-A059-BCAB553D4138}.Debug|ARM64.Build.0 = Debug|Any CPU
		{0CB99BD6-99E9-4ADB-A059-BCAB553D4138}.Debug|x64.ActiveCfg = Debug|Any CPU
		{0CB99BD6-99E9-4ADB-A059-BCAB553D4138}.Debug|x64.Build.0 = Debug|Any CPU
		{0CB99BD6-99E9-4ADB-A059-BCAB553D4138}.Debug|x86.ActiveCfg = Debug|Any CPU
		{0CB99BD6-99E9-4ADB-A059-BCAB553D4138}.Debug|x86.Build.0 = Debug|Any CPU
		{0CB99BD6-99E9-4ADB-A059-BCAB553D4138}.Release|Any CPU.ActiveCfg = Release|Any CPU
		{0CB99BD6-99E9-4ADB-A059-BCAB553D4138}.Release|Any CPU.Build.0 = Release|Any CPU
		{0CB99BD6-99E9-4ADB-A059-BCAB553D4138}.Release|ARM.ActiveCfg = Release|Any CPU
		{0CB99BD6-99E9-4ADB-A059-BCAB553D4138}.Release|ARM.Build.0 = Release|Any CPU
		{0CB99BD6-99E9-4ADB-A059-BCAB553D4138}.Release|ARM64.ActiveCfg = Release|Any CPU
		{0CB99BD6-99E9-4ADB-A059-BCAB553D4138}.Release|ARM64.Build.0 = Release|Any CPU
		{0CB99BD6-99E9-4ADB-A059-BCAB553D4138}.Release|x64.ActiveCfg = Release|Any CPU
		{0CB99BD6-99E9-4ADB-A059-BCAB553D4138}.Release|x64.Build.0 = Release|Any CPU
		{0CB99BD6-99E9-4ADB-A059-BCAB553D4138}.Release|x86.ActiveCfg = Release|Any CPU
		{0CB99BD6-99E9-4ADB-A059-BCAB553D4138}.Release|x86.Build.0 = Release|Any CPU
		{827C7FC7-8182-4898-814E-0B94FAD5A644}.Debug|Any CPU.ActiveCfg = Debug|Any CPU
		{827C7FC7-8182-4898-814E-0B94FAD5A644}.Debug|Any CPU.Build.0 = Debug|Any CPU
		{827C7FC7-8182-4898-814E-0B94FAD5A644}.Debug|ARM.ActiveCfg = Debug|Any CPU
		{827C7FC7-8182-4898-814E-0B94FAD5A644}.Debug|ARM.Build.0 = Debug|Any CPU
		{827C7FC7-8182-4898-814E-0B94FAD5A644}.Debug|ARM64.ActiveCfg = Debug|Any CPU
		{827C7FC7-8182-4898-814E-0B94FAD5A644}.Debug|ARM64.Build.0 = Debug|Any CPU
		{827C7FC7-8182-4898-814E-0B94FAD5A644}.Debug|x64.ActiveCfg = Debug|Any CPU
		{827C7FC7-8182-4898-814E-0B94FAD5A644}.Debug|x64.Build.0 = Debug|Any CPU
		{827C7FC7-8182-4898-814E-0B94FAD5A644}.Debug|x86.ActiveCfg = Debug|Any CPU
		{827C7FC7-8182-4898-814E-0B94FAD5A644}.Debug|x86.Build.0 = Debug|Any CPU
		{827C7FC7-8182-4898-814E-0B94FAD5A644}.Release|Any CPU.ActiveCfg = Release|Any CPU
		{827C7FC7-8182-4898-814E-0B94FAD5A644}.Release|Any CPU.Build.0 = Release|Any CPU
		{827C7FC7-8182-4898-814E-0B94FAD5A644}.Release|ARM.ActiveCfg = Release|Any CPU
		{827C7FC7-8182-4898-814E-0B94FAD5A644}.Release|ARM.Build.0 = Release|Any CPU
		{827C7FC7-8182-4898-814E-0B94FAD5A644}.Release|ARM64.ActiveCfg = Release|Any CPU
		{827C7FC7-8182-4898-814E-0B94FAD5A644}.Release|ARM64.Build.0 = Release|Any CPU
		{827C7FC7-8182-4898-814E-0B94FAD5A644}.Release|x64.ActiveCfg = Release|Any CPU
		{827C7FC7-8182-4898-814E-0B94FAD5A644}.Release|x64.Build.0 = Release|Any CPU
		{827C7FC7-8182-4898-814E-0B94FAD5A644}.Release|x86.ActiveCfg = Release|Any CPU
		{827C7FC7-8182-4898-814E-0B94FAD5A644}.Release|x86.Build.0 = Release|Any CPU
		{B23ADDA7-0405-45FE-8BF4-9185DA8C3429}.Debug|Any CPU.ActiveCfg = Debug|Any CPU
		{B23ADDA7-0405-45FE-8BF4-9185DA8C3429}.Debug|Any CPU.Build.0 = Debug|Any CPU
		{B23ADDA7-0405-45FE-8BF4-9185DA8C3429}.Debug|ARM.ActiveCfg = Debug|Any CPU
		{B23ADDA7-0405-45FE-8BF4-9185DA8C3429}.Debug|ARM.Build.0 = Debug|Any CPU
		{B23ADDA7-0405-45FE-8BF4-9185DA8C3429}.Debug|ARM64.ActiveCfg = Debug|Any CPU
		{B23ADDA7-0405-45FE-8BF4-9185DA8C3429}.Debug|ARM64.Build.0 = Debug|Any CPU
		{B23ADDA7-0405-45FE-8BF4-9185DA8C3429}.Debug|x64.ActiveCfg = Debug|Any CPU
		{B23ADDA7-0405-45FE-8BF4-9185DA8C3429}.Debug|x64.Build.0 = Debug|Any CPU
		{B23ADDA7-0405-45FE-8BF4-9185DA8C3429}.Debug|x86.ActiveCfg = Debug|Any CPU
		{B23ADDA7-0405-45FE-8BF4-9185DA8C3429}.Debug|x86.Build.0 = Debug|Any CPU
		{B23ADDA7-0405-45FE-8BF4-9185DA8C3429}.Release|Any CPU.ActiveCfg = Release|Any CPU
		{B23ADDA7-0405-45FE-8BF4-9185DA8C3429}.Release|Any CPU.Build.0 = Release|Any CPU
		{B23ADDA7-0405-45FE-8BF4-9185DA8C3429}.Release|ARM.ActiveCfg = Release|Any CPU
		{B23ADDA7-0405-45FE-8BF4-9185DA8C3429}.Release|ARM.Build.0 = Release|Any CPU
		{B23ADDA7-0405-45FE-8BF4-9185DA8C3429}.Release|ARM64.ActiveCfg = Release|Any CPU
		{B23ADDA7-0405-45FE-8BF4-9185DA8C3429}.Release|ARM64.Build.0 = Release|Any CPU
		{B23ADDA7-0405-45FE-8BF4-9185DA8C3429}.Release|x64.ActiveCfg = Release|Any CPU
		{B23ADDA7-0405-45FE-8BF4-9185DA8C3429}.Release|x64.Build.0 = Release|Any CPU
		{B23ADDA7-0405-45FE-8BF4-9185DA8C3429}.Release|x86.ActiveCfg = Release|Any CPU
		{B23ADDA7-0405-45FE-8BF4-9185DA8C3429}.Release|x86.Build.0 = Release|Any CPU
		{D0637C31-B0C2-4F13-980A-93C3947A0E88}.Debug|Any CPU.ActiveCfg = Debug|Any CPU
		{D0637C31-B0C2-4F13-980A-93C3947A0E88}.Debug|Any CPU.Build.0 = Debug|Any CPU
		{D0637C31-B0C2-4F13-980A-93C3947A0E88}.Debug|ARM.ActiveCfg = Debug|Any CPU
		{D0637C31-B0C2-4F13-980A-93C3947A0E88}.Debug|ARM.Build.0 = Debug|Any CPU
		{D0637C31-B0C2-4F13-980A-93C3947A0E88}.Debug|ARM64.ActiveCfg = Debug|Any CPU
		{D0637C31-B0C2-4F13-980A-93C3947A0E88}.Debug|ARM64.Build.0 = Debug|Any CPU
		{D0637C31-B0C2-4F13-980A-93C3947A0E88}.Debug|x64.ActiveCfg = Debug|Any CPU
		{D0637C31-B0C2-4F13-980A-93C3947A0E88}.Debug|x64.Build.0 = Debug|Any CPU
		{D0637C31-B0C2-4F13-980A-93C3947A0E88}.Debug|x86.ActiveCfg = Debug|Any CPU
		{D0637C31-B0C2-4F13-980A-93C3947A0E88}.Debug|x86.Build.0 = Debug|Any CPU
		{D0637C31-B0C2-4F13-980A-93C3947A0E88}.Release|Any CPU.ActiveCfg = Release|Any CPU
		{D0637C31-B0C2-4F13-980A-93C3947A0E88}.Release|Any CPU.Build.0 = Release|Any CPU
		{D0637C31-B0C2-4F13-980A-93C3947A0E88}.Release|ARM.ActiveCfg = Release|Any CPU
		{D0637C31-B0C2-4F13-980A-93C3947A0E88}.Release|ARM.Build.0 = Release|Any CPU
		{D0637C31-B0C2-4F13-980A-93C3947A0E88}.Release|ARM64.ActiveCfg = Release|Any CPU
		{D0637C31-B0C2-4F13-980A-93C3947A0E88}.Release|ARM64.Build.0 = Release|Any CPU
		{D0637C31-B0C2-4F13-980A-93C3947A0E88}.Release|x64.ActiveCfg = Release|Any CPU
		{D0637C31-B0C2-4F13-980A-93C3947A0E88}.Release|x64.Build.0 = Release|Any CPU
		{D0637C31-B0C2-4F13-980A-93C3947A0E88}.Release|x86.ActiveCfg = Release|Any CPU
		{D0637C31-B0C2-4F13-980A-93C3947A0E88}.Release|x86.Build.0 = Release|Any CPU
		{5B0ABB80-3117-400E-92AB-7DF34416CC33}.Debug|Any CPU.ActiveCfg = Debug|Any CPU
		{5B0ABB80-3117-400E-92AB-7DF34416CC33}.Debug|Any CPU.Build.0 = Debug|Any CPU
		{5B0ABB80-3117-400E-92AB-7DF34416CC33}.Debug|ARM.ActiveCfg = Debug|Any CPU
		{5B0ABB80-3117-400E-92AB-7DF34416CC33}.Debug|ARM.Build.0 = Debug|Any CPU
		{5B0ABB80-3117-400E-92AB-7DF34416CC33}.Debug|ARM64.ActiveCfg = Debug|Any CPU
		{5B0ABB80-3117-400E-92AB-7DF34416CC33}.Debug|ARM64.Build.0 = Debug|Any CPU
		{5B0ABB80-3117-400E-92AB-7DF34416CC33}.Debug|x64.ActiveCfg = Debug|Any CPU
		{5B0ABB80-3117-400E-92AB-7DF34416CC33}.Debug|x64.Build.0 = Debug|Any CPU
		{5B0ABB80-3117-400E-92AB-7DF34416CC33}.Debug|x86.ActiveCfg = Debug|Any CPU
		{5B0ABB80-3117-400E-92AB-7DF34416CC33}.Debug|x86.Build.0 = Debug|Any CPU
		{5B0ABB80-3117-400E-92AB-7DF34416CC33}.Release|Any CPU.ActiveCfg = Release|Any CPU
		{5B0ABB80-3117-400E-92AB-7DF34416CC33}.Release|Any CPU.Build.0 = Release|Any CPU
		{5B0ABB80-3117-400E-92AB-7DF34416CC33}.Release|ARM.ActiveCfg = Release|Any CPU
		{5B0ABB80-3117-400E-92AB-7DF34416CC33}.Release|ARM.Build.0 = Release|Any CPU
		{5B0ABB80-3117-400E-92AB-7DF34416CC33}.Release|ARM64.ActiveCfg = Release|Any CPU
		{5B0ABB80-3117-400E-92AB-7DF34416CC33}.Release|ARM64.Build.0 = Release|Any CPU
		{5B0ABB80-3117-400E-92AB-7DF34416CC33}.Release|x64.ActiveCfg = Release|Any CPU
		{5B0ABB80-3117-400E-92AB-7DF34416CC33}.Release|x64.Build.0 = Release|Any CPU
		{5B0ABB80-3117-400E-92AB-7DF34416CC33}.Release|x86.ActiveCfg = Release|Any CPU
		{5B0ABB80-3117-400E-92AB-7DF34416CC33}.Release|x86.Build.0 = Release|Any CPU
		{D9278E2A-DB27-4167-9E5B-20209EBC2376}.Debug|Any CPU.ActiveCfg = Debug|Any CPU
		{D9278E2A-DB27-4167-9E5B-20209EBC2376}.Debug|Any CPU.Build.0 = Debug|Any CPU
		{D9278E2A-DB27-4167-9E5B-20209EBC2376}.Debug|ARM.ActiveCfg = Debug|Any CPU
		{D9278E2A-DB27-4167-9E5B-20209EBC2376}.Debug|ARM.Build.0 = Debug|Any CPU
		{D9278E2A-DB27-4167-9E5B-20209EBC2376}.Debug|ARM64.ActiveCfg = Debug|Any CPU
		{D9278E2A-DB27-4167-9E5B-20209EBC2376}.Debug|ARM64.Build.0 = Debug|Any CPU
		{D9278E2A-DB27-4167-9E5B-20209EBC2376}.Debug|x64.ActiveCfg = Debug|Any CPU
		{D9278E2A-DB27-4167-9E5B-20209EBC2376}.Debug|x64.Build.0 = Debug|Any CPU
		{D9278E2A-DB27-4167-9E5B-20209EBC2376}.Debug|x86.ActiveCfg = Debug|Any CPU
		{D9278E2A-DB27-4167-9E5B-20209EBC2376}.Debug|x86.Build.0 = Debug|Any CPU
		{D9278E2A-DB27-4167-9E5B-20209EBC2376}.Release|Any CPU.ActiveCfg = Release|Any CPU
		{D9278E2A-DB27-4167-9E5B-20209EBC2376}.Release|Any CPU.Build.0 = Release|Any CPU
		{D9278E2A-DB27-4167-9E5B-20209EBC2376}.Release|ARM.ActiveCfg = Release|Any CPU
		{D9278E2A-DB27-4167-9E5B-20209EBC2376}.Release|ARM.Build.0 = Release|Any CPU
		{D9278E2A-DB27-4167-9E5B-20209EBC2376}.Release|ARM64.ActiveCfg = Release|Any CPU
		{D9278E2A-DB27-4167-9E5B-20209EBC2376}.Release|ARM64.Build.0 = Release|Any CPU
		{D9278E2A-DB27-4167-9E5B-20209EBC2376}.Release|x64.ActiveCfg = Release|Any CPU
		{D9278E2A-DB27-4167-9E5B-20209EBC2376}.Release|x64.Build.0 = Release|Any CPU
		{D9278E2A-DB27-4167-9E5B-20209EBC2376}.Release|x86.ActiveCfg = Release|Any CPU
		{D9278E2A-DB27-4167-9E5B-20209EBC2376}.Release|x86.Build.0 = Release|Any CPU
		{0737329A-90D8-4B24-8A87-5517F37D33CD}.Debug|Any CPU.ActiveCfg = Debug|Any CPU
		{0737329A-90D8-4B24-8A87-5517F37D33CD}.Debug|Any CPU.Build.0 = Debug|Any CPU
		{0737329A-90D8-4B24-8A87-5517F37D33CD}.Debug|ARM.ActiveCfg = Debug|Any CPU
		{0737329A-90D8-4B24-8A87-5517F37D33CD}.Debug|ARM.Build.0 = Debug|Any CPU
		{0737329A-90D8-4B24-8A87-5517F37D33CD}.Debug|ARM64.ActiveCfg = Debug|Any CPU
		{0737329A-90D8-4B24-8A87-5517F37D33CD}.Debug|ARM64.Build.0 = Debug|Any CPU
		{0737329A-90D8-4B24-8A87-5517F37D33CD}.Debug|x64.ActiveCfg = Debug|Any CPU
		{0737329A-90D8-4B24-8A87-5517F37D33CD}.Debug|x64.Build.0 = Debug|Any CPU
		{0737329A-90D8-4B24-8A87-5517F37D33CD}.Debug|x86.ActiveCfg = Debug|Any CPU
		{0737329A-90D8-4B24-8A87-5517F37D33CD}.Debug|x86.Build.0 = Debug|Any CPU
		{0737329A-90D8-4B24-8A87-5517F37D33CD}.Release|Any CPU.ActiveCfg = Release|Any CPU
		{0737329A-90D8-4B24-8A87-5517F37D33CD}.Release|Any CPU.Build.0 = Release|Any CPU
		{0737329A-90D8-4B24-8A87-5517F37D33CD}.Release|ARM.ActiveCfg = Release|Any CPU
		{0737329A-90D8-4B24-8A87-5517F37D33CD}.Release|ARM.Build.0 = Release|Any CPU
		{0737329A-90D8-4B24-8A87-5517F37D33CD}.Release|ARM64.ActiveCfg = Release|Any CPU
		{0737329A-90D8-4B24-8A87-5517F37D33CD}.Release|ARM64.Build.0 = Release|Any CPU
		{0737329A-90D8-4B24-8A87-5517F37D33CD}.Release|x64.ActiveCfg = Release|Any CPU
		{0737329A-90D8-4B24-8A87-5517F37D33CD}.Release|x64.Build.0 = Release|Any CPU
		{0737329A-90D8-4B24-8A87-5517F37D33CD}.Release|x86.ActiveCfg = Release|Any CPU
		{0737329A-90D8-4B24-8A87-5517F37D33CD}.Release|x86.Build.0 = Release|Any CPU
		{A8C6E324-166F-47E3-932B-9D9C31B3895E}.Debug|Any CPU.ActiveCfg = Debug|Any CPU
		{A8C6E324-166F-47E3-932B-9D9C31B3895E}.Debug|Any CPU.Build.0 = Debug|Any CPU
		{A8C6E324-166F-47E3-932B-9D9C31B3895E}.Debug|ARM.ActiveCfg = Debug|Any CPU
		{A8C6E324-166F-47E3-932B-9D9C31B3895E}.Debug|ARM.Build.0 = Debug|Any CPU
		{A8C6E324-166F-47E3-932B-9D9C31B3895E}.Debug|ARM64.ActiveCfg = Debug|Any CPU
		{A8C6E324-166F-47E3-932B-9D9C31B3895E}.Debug|ARM64.Build.0 = Debug|Any CPU
		{A8C6E324-166F-47E3-932B-9D9C31B3895E}.Debug|x64.ActiveCfg = Debug|Any CPU
		{A8C6E324-166F-47E3-932B-9D9C31B3895E}.Debug|x64.Build.0 = Debug|Any CPU
		{A8C6E324-166F-47E3-932B-9D9C31B3895E}.Debug|x86.ActiveCfg = Debug|Any CPU
		{A8C6E324-166F-47E3-932B-9D9C31B3895E}.Debug|x86.Build.0 = Debug|Any CPU
		{A8C6E324-166F-47E3-932B-9D9C31B3895E}.Release|Any CPU.ActiveCfg = Release|Any CPU
		{A8C6E324-166F-47E3-932B-9D9C31B3895E}.Release|Any CPU.Build.0 = Release|Any CPU
		{A8C6E324-166F-47E3-932B-9D9C31B3895E}.Release|ARM.ActiveCfg = Release|Any CPU
		{A8C6E324-166F-47E3-932B-9D9C31B3895E}.Release|ARM.Build.0 = Release|Any CPU
		{A8C6E324-166F-47E3-932B-9D9C31B3895E}.Release|ARM64.ActiveCfg = Release|Any CPU
		{A8C6E324-166F-47E3-932B-9D9C31B3895E}.Release|ARM64.Build.0 = Release|Any CPU
		{A8C6E324-166F-47E3-932B-9D9C31B3895E}.Release|x64.ActiveCfg = Release|Any CPU
		{A8C6E324-166F-47E3-932B-9D9C31B3895E}.Release|x64.Build.0 = Release|Any CPU
		{A8C6E324-166F-47E3-932B-9D9C31B3895E}.Release|x86.ActiveCfg = Release|Any CPU
		{A8C6E324-166F-47E3-932B-9D9C31B3895E}.Release|x86.Build.0 = Release|Any CPU
	EndGlobalSection
	GlobalSection(SolutionProperties) = preSolution
		HideSolutionNode = FALSE
	EndGlobalSection
	GlobalSection(NestedProjects) = preSolution
		{D9278E2A-DB27-4167-9E5B-20209EBC2376} = {7C1AFCE1-986F-4C6C-AAEB-2D3CE6C56D7F}
		{0737329A-90D8-4B24-8A87-5517F37D33CD} = {7C1AFCE1-986F-4C6C-AAEB-2D3CE6C56D7F}
		{A8C6E324-166F-47E3-932B-9D9C31B3895E} = {7C1AFCE1-986F-4C6C-AAEB-2D3CE6C56D7F}
	EndGlobalSection
	GlobalSection(ExtensibilityGlobals) = postSolution
		SolutionGuid = {1E15EC3E-9BCB-40AD-B173-51329F48B416}
	EndGlobalSection
	GlobalSection(TeamFoundationVersionControl) = preSolution
		SccNumberOfProjects = 9
		SccEnterpriseProvider = {4CA58AB2-18FA-4F8D-95D4-32DDF27D184C}
		SccTeamFoundationServer = https://davidjosetimolugo.visualstudio.com/
		SccLocalPath0 = .
		SccProjectUniqueName1 = Space.BusinessLayer\\Space.BusinessLayer.csproj
		SccProjectName1 = Space.BusinessLayer
		SccLocalPath1 = Space.BusinessLayer
		SccProjectUniqueName2 = Space.DataLayer\\Space.DataLayer.csproj
		SccProjectName2 = Space.DataLayer
		SccLocalPath2 = Space.DataLayer
		SccProjectUniqueName3 = Space.EntityLayer\\Space.EntityLayer.csproj
		SccProjectName3 = Space.EntityLayer
		SccLocalPath3 = Space.EntityLayer
		SccProjectUniqueName4 = Space.Server\\Space.Server.csproj
		SccProjectName4 = Space.Server
		SccLocalPath4 = Space.Server
		SccProjectUniqueName5 = Space.Common\\Space.Common.csproj
		SccProjectName5 = Space.Common
		SccLocalPath5 = Space.Common
		SccProjectUniqueName6 = Framework\\Framework.csproj
		SccProjectTopLevelParentUniqueName6 = Space.sln
		SccProjectName6 = Framework
		SccLocalPath6 = Framework
		SccProjectUniqueName7 = Framework.Data\\Framework.Data.csproj
		SccProjectTopLevelParentUniqueName7 = Space.sln
		SccProjectName7 = Framework.Data
		SccLocalPath7 = Framework.Data
		SccProjectUniqueName8 = Framework.Data.Sql\\Framework.Data.Sql.csproj
		SccProjectTopLevelParentUniqueName8 = Space.sln
		SccProjectName8 = Framework.Data.Sql
		SccLocalPath8 = Framework.Data.Sql
	EndGlobalSection
EndGlobal
