
Microsoft Visual Studio Solution File, Format Version 12.00
# Visual Studio Version 17
VisualStudioVersion = 17.9.34723.18
MinimumVisualStudioVersion = 10.0.40219.1
Project("{FAE04EC0-301F-11D3-BF4B-00C04F79EFBC}") = "AppFAC", "AppFAC\AppFAC.csproj", "{A065A173-77ED-44D4-AACE-27F3B2691A18}"
EndProject
Project("{FAE04EC0-301F-11D3-BF4B-00C04F79EFBC}") = "AppXML", "AppXML\AppXML.csproj", "{C49BE468-6C18-4763-A1C2-D3078E1EE8A6}"
EndProject
Global
	GlobalSection(SolutionConfigurationPlatforms) = preSolution
		Debug|Any CPU = Debug|Any CPU
		Release|Any CPU = Release|Any CPU
	EndGlobalSection
	GlobalSection(ProjectConfigurationPlatforms) = postSolution
		{A065A173-77ED-44D4-AACE-27F3B2691A18}.Debug|Any CPU.ActiveCfg = Debug|Any CPU
		{A065A173-77ED-44D4-AACE-27F3B2691A18}.Debug|Any CPU.Build.0 = Debug|Any CPU
		{A065A173-77ED-44D4-AACE-27F3B2691A18}.Release|Any CPU.ActiveCfg = Release|Any CPU
		{A065A173-77ED-44D4-AACE-27F3B2691A18}.Release|Any CPU.Build.0 = Release|Any CPU
		{C49BE468-6C18-4763-A1C2-D3078E1EE8A6}.Debug|Any CPU.ActiveCfg = Debug|Any CPU
		{C49BE468-6C18-4763-A1C2-D3078E1EE8A6}.Debug|Any CPU.Build.0 = Debug|Any CPU
		{C49BE468-6C18-4763-A1C2-D3078E1EE8A6}.Release|Any CPU.ActiveCfg = Release|Any CPU
		{C49BE468-6C18-4763-A1C2-D3078E1EE8A6}.Release|Any CPU.Build.0 = Release|Any CPU
	EndGlobalSection
	GlobalSection(SolutionProperties) = preSolution
		HideSolutionNode = FALSE
	EndGlobalSection
	GlobalSection(ExtensibilityGlobals) = postSolution
		SolutionGuid = {A436C844-52E2-4E76-A170-3F57234628D2}
	EndGlobalSection
EndGlobal
